// !$*UTF8*$!
{
	archiveVersion = 1;
	classes = {
	};
	objectVersion = 46;
	objects = {

/* Begin PBXBuildFile section */
		229053941CD68410002DEFF0 /* fracchart.csv in Resources */ = {isa = PBXBuildFile; fileRef = 229053931CD68410002DEFF0 /* fracchart.csv */; };
		229053961CD693F7002DEFF0 /* tapchart.csv in Resources */ = {isa = PBXBuildFile; fileRef = 229053951CD693F7002DEFF0 /* tapchart.csv */; };
		229053981CD6959B002DEFF0 /* TapHoleTableViewController.swift in Sources */ = {isa = PBXBuildFile; fileRef = 229053971CD6959B002DEFF0 /* TapHoleTableViewController.swift */; };
		22B3C8671C7FF2230010D60D /* AppDelegate.swift in Sources */ = {isa = PBXBuildFile; fileRef = 22B3C8661C7FF2230010D60D /* AppDelegate.swift */; };
		22B3C8691C7FF2230010D60D /* ViewController.swift in Sources */ = {isa = PBXBuildFile; fileRef = 22B3C8681C7FF2230010D60D /* ViewController.swift */; };
		22B3C86C1C7FF2230010D60D /* Main.storyboard in Resources */ = {isa = PBXBuildFile; fileRef = 22B3C86A1C7FF2230010D60D /* Main.storyboard */; };
		22B3C86E1C7FF2230010D60D /* Assets.xcassets in Resources */ = {isa = PBXBuildFile; fileRef = 22B3C86D1C7FF2230010D60D /* Assets.xcassets */; };
		22B3C8711C7FF2230010D60D /* LaunchScreen.storyboard in Resources */ = {isa = PBXBuildFile; fileRef = 22B3C86F1C7FF2230010D60D /* LaunchScreen.storyboard */; };
		22B3C87C1C7FF2230010D60D /* Team_449_Engineering_ToolsTests.swift in Sources */ = {isa = PBXBuildFile; fileRef = 22B3C87B1C7FF2230010D60D /* Team_449_Engineering_ToolsTests.swift */; };
		22B3C8871C7FF2230010D60D /* Team_449_Engineering_ToolsUITests.swift in Sources */ = {isa = PBXBuildFile; fileRef = 22B3C8861C7FF2230010D60D /* Team_449_Engineering_ToolsUITests.swift */; };
		22B3C8951C7FF2EF0010D60D /* MenuTableViewController.swift in Sources */ = {isa = PBXBuildFile; fileRef = 22B3C8941C7FF2EF0010D60D /* MenuTableViewController.swift */; };
		22B3C8971C7FF73D0010D60D /* fracchart.txt in Resources */ = {isa = PBXBuildFile; fileRef = 22B3C8961C7FF73D0010D60D /* fracchart.txt */; };
		22B3C8991C7FF7E30010D60D /* FracViewController.swift in Sources */ = {isa = PBXBuildFile; fileRef = 22B3C8981C7FF7E30010D60D /* FracViewController.swift */; };
/* End PBXBuildFile section */

/* Begin PBXContainerItemProxy section */
		22B3C8781C7FF2230010D60D /* PBXContainerItemProxy */ = {
			isa = PBXContainerItemProxy;
			containerPortal = 22B3C85B1C7FF2230010D60D /* Project object */;
			proxyType = 1;
			remoteGlobalIDString = 22B3C8621C7FF2230010D60D;
			remoteInfo = "Team 449 Engineering Tools";
		};
		22B3C8831C7FF2230010D60D /* PBXContainerItemProxy */ = {
			isa = PBXContainerItemProxy;
			containerPortal = 22B3C85B1C7FF2230010D60D /* Project object */;
			proxyType = 1;
			remoteGlobalIDString = 22B3C8621C7FF2230010D60D;
			remoteInfo = "Team 449 Engineering Tools";
		};
/* End PBXContainerItemProxy section */

/* Begin PBXFileReference section */
		229053931CD68410002DEFF0 /* fracchart.csv */ = {isa = PBXFileReference; fileEncoding = 4; lastKnownFileType = text; path = fracchart.csv; sourceTree = "<group>"; };
		229053951CD693F7002DEFF0 /* tapchart.csv */ = {isa = PBXFileReference; fileEncoding = 4; lastKnownFileType = text; path = tapchart.csv; sourceTree = "<group>"; };
		229053971CD6959B002DEFF0 /* TapHoleTableViewController.swift */ = {isa = PBXFileReference; fileEncoding = 4; lastKnownFileType = sourcecode.swift; path = TapHoleTableViewController.swift; sourceTree = "<group>"; };
		22B3C8631C7FF2230010D60D /* Team 449 Engineering Tools.app */ = {isa = PBXFileReference; explicitFileType = wrapper.application; includeInIndex = 0; path = "Team 449 Engineering Tools.app"; sourceTree = BUILT_PRODUCTS_DIR; };
		22B3C8661C7FF2230010D60D /* AppDelegate.swift */ = {isa = PBXFileReference; lastKnownFileType = sourcecode.swift; path = AppDelegate.swift; sourceTree = "<group>"; };
		22B3C8681C7FF2230010D60D /* ViewController.swift */ = {isa = PBXFileReference; lastKnownFileType = sourcecode.swift; path = ViewController.swift; sourceTree = "<group>"; };
		22B3C86B1C7FF2230010D60D /* Base */ = {isa = PBXFileReference; lastKnownFileType = file.storyboard; name = Base; path = Base.lproj/Main.storyboard; sourceTree = "<group>"; };
		22B3C86D1C7FF2230010D60D /* Assets.xcassets */ = {isa = PBXFileReference; lastKnownFileType = folder.assetcatalog; path = Assets.xcassets; sourceTree = "<group>"; };
		22B3C8701C7FF2230010D60D /* Base */ = {isa = PBXFileReference; lastKnownFileType = file.storyboard; name = Base; path = Base.lproj/LaunchScreen.storyboard; sourceTree = "<group>"; };
		22B3C8721C7FF2230010D60D /* Info.plist */ = {isa = PBXFileReference; lastKnownFileType = text.plist.xml; path = Info.plist; sourceTree = "<group>"; };
		22B3C8771C7FF2230010D60D /* Team 449 Engineering ToolsTests.xctest */ = {isa = PBXFileReference; explicitFileType = wrapper.cfbundle; includeInIndex = 0; path = "Team 449 Engineering ToolsTests.xctest"; sourceTree = BUILT_PRODUCTS_DIR; };
		22B3C87B1C7FF2230010D60D /* Team_449_Engineering_ToolsTests.swift */ = {isa = PBXFileReference; lastKnownFileType = sourcecode.swift; path = Team_449_Engineering_ToolsTests.swift; sourceTree = "<group>"; };
		22B3C87D1C7FF2230010D60D /* Info.plist */ = {isa = PBXFileReference; lastKnownFileType = text.plist.xml; path = Info.plist; sourceTree = "<group>"; };
		22B3C8821C7FF2230010D60D /* Team 449 Engineering ToolsUITests.xctest */ = {isa = PBXFileReference; explicitFileType = wrapper.cfbundle; includeInIndex = 0; path = "Team 449 Engineering ToolsUITests.xctest"; sourceTree = BUILT_PRODUCTS_DIR; };
		22B3C8861C7FF2230010D60D /* Team_449_Engineering_ToolsUITests.swift */ = {isa = PBXFileReference; lastKnownFileType = sourcecode.swift; path = Team_449_Engineering_ToolsUITests.swift; sourceTree = "<group>"; };
		22B3C8881C7FF2230010D60D /* Info.plist */ = {isa = PBXFileReference; lastKnownFileType = text.plist.xml; path = Info.plist; sourceTree = "<group>"; };
		22B3C8941C7FF2EF0010D60D /* MenuTableViewController.swift */ = {isa = PBXFileReference; fileEncoding = 4; lastKnownFileType = sourcecode.swift; path = MenuTableViewController.swift; sourceTree = "<group>"; };
		22B3C8961C7FF73D0010D60D /* fracchart.txt */ = {isa = PBXFileReference; fileEncoding = 4; lastKnownFileType = text; path = fracchart.txt; sourceTree = "<group>"; };
		22B3C8981C7FF7E30010D60D /* FracViewController.swift */ = {isa = PBXFileReference; fileEncoding = 4; lastKnownFileType = sourcecode.swift; path = FracViewController.swift; sourceTree = "<group>"; };
/* End PBXFileReference section */

/* Begin PBXFrameworksBuildPhase section */
		22B3C8601C7FF2230010D60D /* Frameworks */ = {
			isa = PBXFrameworksBuildPhase;
			buildActionMask = 2147483647;
			files = (
			);
			runOnlyForDeploymentPostprocessing = 0;
		};
		22B3C8741C7FF2230010D60D /* Frameworks */ = {
			isa = PBXFrameworksBuildPhase;
			buildActionMask = 2147483647;
			files = (
			);
			runOnlyForDeploymentPostprocessing = 0;
		};
		22B3C87F1C7FF2230010D60D /* Frameworks */ = {
			isa = PBXFrameworksBuildPhase;
			buildActionMask = 2147483647;
			files = (
			);
			runOnlyForDeploymentPostprocessing = 0;
		};
/* End PBXFrameworksBuildPhase section */

/* Begin PBXGroup section */
		22B3C85A1C7FF2230010D60D = {
			isa = PBXGroup;
			children = (
				22B3C8651C7FF2230010D60D /* Team 449 Engineering Tools */,
				22B3C87A1C7FF2230010D60D /* Team 449 Engineering ToolsTests */,
				22B3C8851C7FF2230010D60D /* Team 449 Engineering ToolsUITests */,
				22B3C8641C7FF2230010D60D /* Products */,
			);
			sourceTree = "<group>";
		};
		22B3C8641C7FF2230010D60D /* Products */ = {
			isa = PBXGroup;
			children = (
				22B3C8631C7FF2230010D60D /* Team 449 Engineering Tools.app */,
				22B3C8771C7FF2230010D60D /* Team 449 Engineering ToolsTests.xctest */,
				22B3C8821C7FF2230010D60D /* Team 449 Engineering ToolsUITests.xctest */,
			);
			name = Products;
			sourceTree = "<group>";
		};
		22B3C8651C7FF2230010D60D /* Team 449 Engineering Tools */ = {
			isa = PBXGroup;
			children = (
				22B3C8661C7FF2230010D60D /* AppDelegate.swift */,
				22B3C8681C7FF2230010D60D /* ViewController.swift */,
				22B3C86A1C7FF2230010D60D /* Main.storyboard */,
				22B3C8981C7FF7E30010D60D /* FracViewController.swift */,
				229053971CD6959B002DEFF0 /* TapHoleTableViewController.swift */,
				22B3C8941C7FF2EF0010D60D /* MenuTableViewController.swift */,
				22B3C86D1C7FF2230010D60D /* Assets.xcassets */,
				22B3C86F1C7FF2230010D60D /* LaunchScreen.storyboard */,
				22B3C8961C7FF73D0010D60D /* fracchart.txt */,
				229053931CD68410002DEFF0 /* fracchart.csv */,
				229053951CD693F7002DEFF0 /* tapchart.csv */,
				22B3C8721C7FF2230010D60D /* Info.plist */,
			);
			path = "Team 449 Engineering Tools";
			sourceTree = "<group>";
		};
		22B3C87A1C7FF2230010D60D /* Team 449 Engineering ToolsTests */ = {
			isa = PBXGroup;
			children = (
				22B3C87B1C7FF2230010D60D /* Team_449_Engineering_ToolsTests.swift */,
				22B3C87D1C7FF2230010D60D /* Info.plist */,
			);
			path = "Team 449 Engineering ToolsTests";
			sourceTree = "<group>";
		};
		22B3C8851C7FF2230010D60D /* Team 449 Engineering ToolsUITests */ = {
			isa = PBXGroup;
			children = (
				22B3C8861C7FF2230010D60D /* Team_449_Engineering_ToolsUITests.swift */,
				22B3C8881C7FF2230010D60D /* Info.plist */,
			);
			path = "Team 449 Engineering ToolsUITests";
			sourceTree = "<group>";
		};
/* End PBXGroup section */

/* Begin PBXNativeTarget section */
		22B3C8621C7FF2230010D60D /* Team 449 Engineering Tools */ = {
			isa = PBXNativeTarget;
			buildConfigurationList = 22B3C88B1C7FF2230010D60D /* Build configuration list for PBXNativeTarget "Team 449 Engineering Tools" */;
			buildPhases = (
				22B3C85F1C7FF2230010D60D /* Sources */,
				22B3C8601C7FF2230010D60D /* Frameworks */,
				22B3C8611C7FF2230010D60D /* Resources */,
			);
			buildRules = (
			);
			dependencies = (
			);
			name = "Team 449 Engineering Tools";
			productName = "Team 449 Engineering Tools";
			productReference = 22B3C8631C7FF2230010D60D /* Team 449 Engineering Tools.app */;
			productType = "com.apple.product-type.application";
		};
		22B3C8761C7FF2230010D60D /* Team 449 Engineering ToolsTests */ = {
			isa = PBXNativeTarget;
			buildConfigurationList = 22B3C88E1C7FF2230010D60D /* Build configuration list for PBXNativeTarget "Team 449 Engineering ToolsTests" */;
			buildPhases = (
				22B3C8731C7FF2230010D60D /* Sources */,
				22B3C8741C7FF2230010D60D /* Frameworks */,
				22B3C8751C7FF2230010D60D /* Resources */,
			);
			buildRules = (
			);
			dependencies = (
				22B3C8791C7FF2230010D60D /* PBXTargetDependency */,
			);
			name = "Team 449 Engineering ToolsTests";
			productName = "Team 449 Engineering ToolsTests";
			productReference = 22B3C8771C7FF2230010D60D /* Team 449 Engineering ToolsTests.xctest */;
			productType = "com.apple.product-type.bundle.unit-test";
		};
		22B3C8811C7FF2230010D60D /* Team 449 Engineering ToolsUITests */ = {
			isa = PBXNativeTarget;
			buildConfigurationList = 22B3C8911C7FF2230010D60D /* Build configuration list for PBXNativeTarget "Team 449 Engineering ToolsUITests" */;
			buildPhases = (
				22B3C87E1C7FF2230010D60D /* Sources */,
				22B3C87F1C7FF2230010D60D /* Frameworks */,
				22B3C8801C7FF2230010D60D /* Resources */,
			);
			buildRules = (
			);
			dependencies = (
				22B3C8841C7FF2230010D60D /* PBXTargetDependency */,
			);
			name = "Team 449 Engineering ToolsUITests";
			productName = "Team 449 Engineering ToolsUITests";
			productReference = 22B3C8821C7FF2230010D60D /* Team 449 Engineering ToolsUITests.xctest */;
			productType = "com.apple.product-type.bundle.ui-testing";
		};
/* End PBXNativeTarget section */

/* Begin PBXProject section */
		22B3C85B1C7FF2230010D60D /* Project object */ = {
			isa = PBXProject;
			attributes = {
				LastSwiftUpdateCheck = 0720;
				LastUpgradeCheck = 0720;
				ORGANIZATIONNAME = "MBHS Smartphone Programming Club";
				TargetAttributes = {
					22B3C8621C7FF2230010D60D = {
						CreatedOnToolsVersion = 7.2;
						DevelopmentTeam = 8V7W9DJD8T;
					};
					22B3C8761C7FF2230010D60D = {
						CreatedOnToolsVersion = 7.2;
						TestTargetID = 22B3C8621C7FF2230010D60D;
					};
					22B3C8811C7FF2230010D60D = {
						CreatedOnToolsVersion = 7.2;
						TestTargetID = 22B3C8621C7FF2230010D60D;
					};
				};
			};
			buildConfigurationList = 22B3C85E1C7FF2230010D60D /* Build configuration list for PBXProject "Team 449 Engineering Tools" */;
			compatibilityVersion = "Xcode 3.2";
			developmentRegion = English;
			hasScannedForEncodings = 0;
			knownRegions = (
				en,
				Base,
			);
			mainGroup = 22B3C85A1C7FF2230010D60D;
			productRefGroup = 22B3C8641C7FF2230010D60D /* Products */;
			projectDirPath = "";
			projectRoot = "";
			targets = (
				22B3C8621C7FF2230010D60D /* Team 449 Engineering Tools */,
				22B3C8761C7FF2230010D60D /* Team 449 Engineering ToolsTests */,
				22B3C8811C7FF2230010D60D /* Team 449 Engineering ToolsUITests */,
			);
		};
/* End PBXProject section */

/* Begin PBXResourcesBuildPhase section */
		22B3C8611C7FF2230010D60D /* Resources */ = {
			isa = PBXResourcesBuildPhase;
			buildActionMask = 2147483647;
			files = (
				22B3C8711C7FF2230010D60D /* LaunchScreen.storyboard in Resources */,
				229053941CD68410002DEFF0 /* fracchart.csv in Resources */,
				22B3C8971C7FF73D0010D60D /* fracchart.txt in Resources */,
				229053961CD693F7002DEFF0 /* tapchart.csv in Resources */,
				22B3C86E1C7FF2230010D60D /* Assets.xcassets in Resources */,
				22B3C86C1C7FF2230010D60D /* Main.storyboard in Resources */,
			);
			runOnlyForDeploymentPostprocessing = 0;
		};
		22B3C8751C7FF2230010D60D /* Resources */ = {
			isa = PBXResourcesBuildPhase;
			buildActionMask = 2147483647;
			files = (
			);
			runOnlyForDeploymentPostprocessing = 0;
		};
		22B3C8801C7FF2230010D60D /* Resources */ = {
			isa = PBXResourcesBuildPhase;
			buildActionMask = 2147483647;
			files = (
			);
			runOnlyForDeploymentPostprocessing = 0;
		};
/* End PBXResourcesBuildPhase section */

/* Begin PBXSourcesBuildPhase section */
		22B3C85F1C7FF2230010D60D /* Sources */ = {
			isa = PBXSourcesBuildPhase;
			buildActionMask = 2147483647;
			files = (
				229053981CD6959B002DEFF0 /* TapHoleTableViewController.swift in Sources */,
				22B3C8691C7FF2230010D60D /* ViewController.swift in Sources */,
				22B3C8671C7FF2230010D60D /* AppDelegate.swift in Sources */,
				22B3C8991C7FF7E30010D60D /* FracViewController.swift in Sources */,
				22B3C8951C7FF2EF0010D60D /* MenuTableViewController.swift in Sources */,
			);
			runOnlyForDeploymentPostprocessing = 0;
		};
		22B3C8731C7FF2230010D60D /* Sources */ = {
			isa = PBXSourcesBuildPhase;
			buildActionMask = 2147483647;
			files = (
				22B3C87C1C7FF2230010D60D /* Team_449_Engineering_ToolsTests.swift in Sources */,
			);
			runOnlyForDeploymentPostprocessing = 0;
		};
		22B3C87E1C7FF2230010D60D /* Sources */ = {
			isa = PBXSourcesBuildPhase;
			buildActionMask = 2147483647;
			files = (
				22B3C8871C7FF2230010D60D /* Team_449_Engineering_ToolsUITests.swift in Sources */,
			);
			runOnlyForDeploymentPostprocessing = 0;
		};
/* End PBXSourcesBuildPhase section */

/* Begin PBXTargetDependency section */
		22B3C8791C7FF2230010D60D /* PBXTargetDependency */ = {
			isa = PBXTargetDependency;
			target = 22B3C8621C7FF2230010D60D /* Team 449 Engineering Tools */;
			targetProxy = 22B3C8781C7FF2230010D60D /* PBXContainerItemProxy */;
		};
		22B3C8841C7FF2230010D60D /* PBXTargetDependency */ = {
			isa = PBXTargetDependency;
			target = 22B3C8621C7FF2230010D60D /* Team 449 Engineering Tools */;
			targetProxy = 22B3C8831C7FF2230010D60D /* PBXContainerItemProxy */;
		};
/* End PBXTargetDependency section */

/* Begin PBXVariantGroup section */
		22B3C86A1C7FF2230010D60D /* Main.storyboard */ = {
			isa = PBXVariantGroup;
			children = (
				22B3C86B1C7FF2230010D60D /* Base */,
			);
			name = Main.storyboard;
			sourceTree = "<group>";
		};
		22B3C86F1C7FF2230010D60D /* LaunchScreen.storyboard */ = {
			isa = PBXVariantGroup;
			children = (
				22B3C8701C7FF2230010D60D /* Base */,
			);
			name = LaunchScreen.storyboard;
			sourceTree = "<group>";
		};
/* End PBXVariantGroup section */

/* Begin XCBuildConfiguration section */
		22B3C8891C7FF2230010D60D /* Debug */ = {
			isa = XCBuildConfiguration;
			buildSettings = {
				ALWAYS_SEARCH_USER_PATHS = NO;
				CLANG_CXX_LANGUAGE_STANDARD = "gnu++0x";
				CLANG_CXX_LIBRARY = "libc++";
				CLANG_ENABLE_MODULES = YES;
				CLANG_ENABLE_OBJC_ARC = YES;
				CLANG_WARN_BOOL_CONVERSION = YES;
				CLANG_WARN_CONSTANT_CONVERSION = YES;
				CLANG_WARN_DIRECT_OBJC_ISA_USAGE = YES_ERROR;
				CLANG_WARN_EMPTY_BODY = YES;
				CLANG_WARN_ENUM_CONVERSION = YES;
				CLANG_WARN_INT_CONVERSION = YES;
				CLANG_WARN_OBJC_ROOT_CLASS = YES_ERROR;
				CLANG_WARN_UNREACHABLE_CODE = YES;
				CLANG_WARN__DUPLICATE_METHOD_MATCH = YES;
				"CODE_SIGN_IDENTITY[sdk=iphoneos*]" = "iPhone Developer";
				COPY_PHASE_STRIP = NO;
				DEBUG_INFORMATION_FORMAT = dwarf;
				ENABLE_STRICT_OBJC_MSGSEND = YES;
				ENABLE_TESTABILITY = YES;
				GCC_C_LANGUAGE_STANDARD = gnu99;
				GCC_DYNAMIC_NO_PIC = NO;
				GCC_NO_COMMON_BLOCKS = YES;
				GCC_OPTIMIZATION_LEVEL = 0;
				GCC_PREPROCESSOR_DEFINITIONS = (
					"DEBUG=1",
					"$(inherited)",
				);
				GCC_WARN_64_TO_32_BIT_CONVERSION = YES;
				GCC_WARN_ABOUT_RETURN_TYPE = YES_ERROR;
				GCC_WARN_UNDECLARED_SELECTOR = YES;
				GCC_WARN_UNINITIALIZED_AUTOS = YES_AGGRESSIVE;
				GCC_WARN_UNUSED_FUNCTION = YES;
				GCC_WARN_UNUSED_VARIABLE = YES;
				IPHONEOS_DEPLOYMENT_TARGET = 9.2;
				MTL_ENABLE_DEBUG_INFO = YES;
				ONLY_ACTIVE_ARCH = YES;
				SDKROOT = iphoneos;
				SWIFT_OPTIMIZATION_LEVEL = "-Onone";
				TARGETED_DEVICE_FAMILY = "1,2";
			};
			name = Debug;
		};
		22B3C88A1C7FF2230010D60D /* Release */ = {
			isa = XCBuildConfiguration;
			buildSettings = {
				ALWAYS_SEARCH_USER_PATHS = NO;
				CLANG_CXX_LANGUAGE_STANDARD = "gnu++0x";
				CLANG_CXX_LIBRARY = "libc++";
				CLANG_ENABLE_MODULES = YES;
				CLANG_ENABLE_OBJC_ARC = YES;
				CLANG_WARN_BOOL_CONVERSION = YES;
				CLANG_WARN_CONSTANT_CONVERSION = YES;
				CLANG_WARN_DIRECT_OBJC_ISA_USAGE = YES_ERROR;
				CLANG_WARN_EMPTY_BODY = YES;
				CLANG_WARN_ENUM_CONVERSION = YES;
				CLANG_WARN_INT_CONVERSION = YES;
				CLANG_WARN_OBJC_ROOT_CLASS = YES_ERROR;
				CLANG_WARN_UNREACHABLE_CODE = YES;
				CLANG_WARN__DUPLICATE_METHOD_MATCH = YES;
				"CODE_SIGN_IDENTITY[sdk=iphoneos*]" = "iPhone Developer";
				COPY_PHASE_STRIP = NO;
				DEBUG_INFORMATION_FORMAT = "dwarf-with-dsym";
				ENABLE_NS_ASSERTIONS = NO;
				ENABLE_STRICT_OBJC_MSGSEND = YES;
				GCC_C_LANGUAGE_STANDARD = gnu99;
				GCC_NO_COMMON_BLOCKS = YES;
				GCC_WARN_64_TO_32_BIT_CONVERSION = YES;
				GCC_WARN_ABOUT_RETURN_TYPE = YES_ERROR;
				GCC_WARN_UNDECLARED_SELECTOR = YES;
				GCC_WARN_UNINITIALIZED_AUTOS = YES_AGGRESSIVE;
				GCC_WARN_UNUSED_FUNCTION = YES;
				GCC_WARN_UNUSED_VARIABLE = YES;
				IPHONEOS_DEPLOYMENT_TARGET = 9.2;
				MTL_ENABLE_DEBUG_INFO = NO;
				SDKROOT = iphoneos;
				TARGETED_DEVICE_FAMILY = "1,2";
				VALIDATE_PRODUCT = YES;
			};
			name = Release;
		};
		22B3C88C1C7FF2230010D60D /* Debug */ = {
			isa = XCBuildConfiguration;
			buildSettings = {
				ASSETCATALOG_COMPILER_APPICON_NAME = AppIcon;
				CODE_SIGN_IDENTITY = "iPhone Developer";
				INFOPLIST_FILE = "Team 449 Engineering Tools/Info.plist";
				IPHONEOS_DEPLOYMENT_TARGET = 9.0;
				LD_RUNPATH_SEARCH_PATHS = "$(inherited) @executable_path/Frameworks";
				PRODUCT_BUNDLE_IDENTIFIER = "spc.Team-449-Engineering-Tools";
				PRODUCT_NAME = "$(TARGET_NAME)";
			};
			name = Debug;
		};
		22B3C88D1C7FF2230010D60D /* Release */ = {
			isa = XCBuildConfiguration;
			buildSettings = {
				ASSETCATALOG_COMPILER_APPICON_NAME = AppIcon;
				CODE_SIGN_IDENTITY = "iPhone Developer";
				INFOPLIST_FILE = "Team 449 Engineering Tools/Info.plist";
				IPHONEOS_DEPLOYMENT_TARGET = 9.0;
				LD_RUNPATH_SEARCH_PATHS = "$(inherited) @executable_path/Frameworks";
				PRODUCT_BUNDLE_IDENTIFIER = "spc.Team-449-Engineering-Tools";
				PRODUCT_NAME = "$(TARGET_NAME)";
			};
			name = Release;
		};
		22B3C88F1C7FF2230010D60D /* Debug */ = {
			isa = XCBuildConfiguration;
			buildSettings = {
				BUNDLE_LOADER = "$(TEST_HOST)";
				INFOPLIST_FILE = "Team 449 Engineering ToolsTests/Info.plist";
				LD_RUNPATH_SEARCH_PATHS = "$(inherited) @executable_path/Frameworks @loader_path/Frameworks";
				PRODUCT_BUNDLE_IDENTIFIER = "spc.Team-449-Engineering-ToolsTests";
				PRODUCT_NAME = "$(TARGET_NAME)";
				TEST_HOST = "$(BUILT_PRODUCTS_DIR)/Team 449 Engineering Tools.app/Team 449 Engineering Tools";
			};
			name = Debug;
		};
		22B3C8901C7FF2230010D60D /* Release */ = {
			isa = XCBuildConfiguration;
			buildSettings = {
				BUNDLE_LOADER = "$(TEST_HOST)";
				INFOPLIST_FILE = "Team 449 Engineering ToolsTests/Info.plist";
				LD_RUNPATH_SEARCH_PATHS = "$(inherited) @executable_path/Frameworks @loader_path/Frameworks";
				PRODUCT_BUNDLE_IDENTIFIER = "spc.Team-449-Engineering-ToolsTests";
				PRODUCT_NAME = "$(TARGET_NAME)";
				TEST_HOST = "$(BUILT_PRODUCTS_DIR)/Team 449 Engineering Tools.app/Team 449 Engineering Tools";
			};
			name = Release;
		};
		22B3C8921C7FF2230010D60D /* Debug */ = {
			isa = XCBuildConfiguration;
			buildSettings = {
				INFOPLIST_FILE = "Team 449 Engineering ToolsUITests/Info.plist";
				LD_RUNPATH_SEARCH_PATHS = "$(inherited) @executable_path/Frameworks @loader_path/Frameworks";
				PRODUCT_BUNDLE_IDENTIFIER = "spc.Team-449-Engineering-ToolsUITests";
				PRODUCT_NAME = "$(TARGET_NAME)";
				TEST_TARGET_NAME = "Team 449 Engineering Tools";
				USES_XCTRUNNER = YES;
			};
			name = Debug;
		};
		22B3C8931C7FF2230010D60D /* Release */ = {
			isa = XCBuildConfiguration;
			buildSettings = {
				INFOPLIST_FILE = "Team 449 Engineering ToolsUITests/Info.plist";
				LD_RUNPATH_SEARCH_PATHS = "$(inherited) @executable_path/Frameworks @loader_path/Frameworks";
				PRODUCT_BUNDLE_IDENTIFIER = "spc.Team-449-Engineering-ToolsUITests";
				PRODUCT_NAME = "$(TARGET_NAME)";
				TEST_TARGET_NAME = "Team 449 Engineering Tools";
				USES_XCTRUNNER = YES;
			};
			name = Release;
		};
/* End XCBuildConfiguration section */

/* Begin XCConfigurationList section */
		22B3C85E1C7FF2230010D60D /* Build configuration list for PBXProject "Team 449 Engineering Tools" */ = {
			isa = XCConfigurationList;
			buildConfigurations = (
				22B3C8891C7FF2230010D60D /* Debug */,
				22B3C88A1C7FF2230010D60D /* Release */,
			);
			defaultConfigurationIsVisible = 0;
			defaultConfigurationName = Release;
		};
		22B3C88B1C7FF2230010D60D /* Build configuration list for PBXNativeTarget "Team 449 Engineering Tools" */ = {
			isa = XCConfigurationList;
			buildConfigurations = (
				22B3C88C1C7FF2230010D60D /* Debug */,
				22B3C88D1C7FF2230010D60D /* Release */,
			);
			defaultConfigurationIsVisible = 0;
			defaultConfigurationName = Release;
		};
		22B3C88E1C7FF2230010D60D /* Build configuration list for PBXNativeTarget "Team 449 Engineering ToolsTests" */ = {
			isa = XCConfigurationList;
			buildConfigurations = (
				22B3C88F1C7FF2230010D60D /* Debug */,
				22B3C8901C7FF2230010D60D /* Release */,
			);
			defaultConfigurationIsVisible = 0;
			defaultConfigurationName = Release;
		};
		22B3C8911C7FF2230010D60D /* Build configuration list for PBXNativeTarget "Team 449 Engineering ToolsUITests" */ = {
			isa = XCConfigurationList;
			buildConfigurations = (
				22B3C8921C7FF2230010D60D /* Debug */,
				22B3C8931C7FF2230010D60D /* Release */,
			);
			defaultConfigurationIsVisible = 0;
			defaultConfigurationName = Release;
		};
/* End XCConfigurationList section */
	};
	rootObject = 22B3C85B1C7FF2230010D60D /* Project object */;
}
